
Microsoft Visual Studio Solution File, Format Version 12.00
# Visual Studio Version 16
VisualStudioVersion = 16.0.29728.190
MinimumVisualStudioVersion = 10.0.40219.1
Project("{8BC9CEB8-8B4A-11D0-8D11-00A0C91BC942}") = "bbudfpss-CLI", "bbudfpss-CLI\bbudfpss-CLI.vcxproj", "{8B6DA00B-A508-4373-984E-936A0BF45C53}"
EndProject
Project("{2150E333-8FDC-42A3-9474-1A3956D46DE8}") = "Solution Items", "Solution Items", "{AEEB3C71-0B78-497F-8A4B-4D01ED1654F3}"
	ProjectSection(SolutionItems) = preProject
		.gitignore = .gitignore
		COPYING.txt = COPYING.txt
		README.txt = README.txt
	EndProjectSection
EndProject
Global
	GlobalSection(SolutionConfigurationPlatforms) = preSolution
		Debug|x64 = Debug|x64
		Debug|x86 = Debug|x86
		Release|x64 = Release|x64
		Release|x86 = Release|x86
	EndGlobalSection
	GlobalSection(ProjectConfigurationPlatforms) = postSolution
		{8B6DA00B-A508-4373-984E-936A0BF45C53}.Debug|x64.ActiveCfg = Debug|x64
		{8B6DA00B-A508-4373-984E-936A0BF45C53}.Debug|x64.Build.0 = Debug|x64
		{8B6DA00B-A508-4373-984E-936A0BF45C53}.Debug|x86.ActiveCfg = Debug|Win32
		{8B6DA00B-A508-4373-984E-936A0BF45C53}.Debug|x86.Build.0 = Debug|Win32
		{8B6DA00B-A508-4373-984E-936A0BF45C53}.Release|x64.ActiveCfg = Release|x64
		{8B6DA00B-A508-4373-984E-936A0BF45C53}.Release|x64.Build.0 = Release|x64
		{8B6DA00B-A508-4373-984E-936A0BF45C53}.Release|x86.ActiveCfg = Release|Win32
		{8B6DA00B-A508-4373-984E-936A0BF45C53}.Release|x86.Build.0 = Release|Win32
	EndGlobalSection
	GlobalSection(SolutionProperties) = preSolution
		HideSolutionNode = FALSE
	EndGlobalSection
	GlobalSection(ExtensibilityGlobals) = postSolution
		SolutionGuid = {E9ED49B7-E074-40D8-9F7C-9DC40E6447F5}
	EndGlobalSection
EndGlobal
